<?xml version="1.0" encoding="utf-8"?>
<Project ToolsVersion="4.0" xmlns="http://schemas.microsoft.com/developer/msbuild/2003">
  <ItemGroup>
    <Filter Include="소스 파일">
      <UniqueIdentifier>{4FC737F1-C7A5-4376-A066-2A32D752A2FF}</UniqueIdentifier>
      <Extensions>cpp;c;cc;cxx;c++;cppm;ixx;def;odl;idl;hpj;bat;asm;asmx</Extensions>
    </Filter>
    <Filter Include="헤더 파일">
      <UniqueIdentifier>{93995380-89BD-4b04-88EB-625FBE52EBFB}</UniqueIdentifier>
      <Extensions>h;hh;hpp;hxx;h++;hm;inl;inc;ipp;xsd</Extensions>
    </Filter>
    <Filter Include="리소스 파일">
      <UniqueIdentifier>{67DA6AB6-F800-4c08-8B7A-83BB121AAD01}</UniqueIdentifier>
      <Extensions>rc;ico;cur;bmp;dlg;rc2;rct;bin;rgs;gif;jpg;jpeg;jpe;resx;tiff;tif;png;wav;mfcribbon-ms</Extensions>
    </Filter>
    <Filter Include="Common">
      <UniqueIdentifier>{30a9cd32-3b5d-415a-8247-c6556b41f741}</UniqueIdentifier>
    </Filter>
    <Filter Include="Chapter">
      <UniqueIdentifier>{6b7f6497-7a64-4ca2-be58-a5e1b7bc821b}</UniqueIdentifier>
    </Filter>
    <Filter Include="Chapter\Ch04">
      <UniqueIdentifier>{c62c6349-655e-4b72-84d3-834c545ffbaf}</UniqueIdentifier>
    </Filter>
    <Filter Include="Chapter\Ch06">
      <UniqueIdentifier>{e66635a6-5754-4f85-97f5-38474b7c19b1}</UniqueIdentifier>
    </Filter>
    <Filter Include="FX">
      <UniqueIdentifier>{7fc3240b-0773-47de-8c22-99b03cbe7081}</UniqueIdentifier>
    </Filter>
  </ItemGroup>
  <ItemGroup>
    <ClCompile Include="main.cpp">
      <Filter>소스 파일</Filter>
    </ClCompile>
    <ClCompile Include="Common\D3DApp.cpp">
      <Filter>Common</Filter>
    </ClCompile>
    <ClCompile Include="Common\GameTimer.cpp">
      <Filter>Common</Filter>
    </ClCompile>
    <ClCompile Include="Common\D3DUtil.cpp">
      <Filter>Common</Filter>
    </ClCompile>
    <ClCompile Include="Chapter\Ch06\Box.cpp">
      <Filter>Chapter\Ch06</Filter>
    </ClCompile>
    <ClCompile Include="Common\MathHelper.cpp">
      <Filter>Common</Filter>
    </ClCompile>
    <ClCompile Include="Chapter\Ch06\Hills.cpp">
      <Filter>Chapter\Ch06</Filter>
    </ClCompile>
    <ClCompile Include="Common\GeometryGenerator.cpp">
      <Filter>Common</Filter>
    </ClCompile>
    <ClCompile Include="Chapter\Ch06\Shapes.cpp">
      <Filter>Chapter\Ch06</Filter>
    </ClCompile>
  </ItemGroup>
  <ItemGroup>
    <ClInclude Include="Common\D3DApp.h">
      <Filter>Common</Filter>
    </ClInclude>
    <ClInclude Include="Common\GameTimer.h">
      <Filter>Common</Filter>
    </ClInclude>
    <ClInclude Include="Common\D3DUtil.h">
      <Filter>Common</Filter>
    </ClInclude>
    <ClInclude Include="Chapter\Ch04\InitDirect3D.h">
      <Filter>Chapter\Ch04</Filter>
    </ClInclude>
    <ClInclude Include="Chapter\Ch06\Box.h">
      <Filter>Chapter\Ch06</Filter>
    </ClInclude>
    <ClInclude Include="Common\d3dx11effect.h">
      <Filter>Common</Filter>
    </ClInclude>
    <ClInclude Include="Common\MathHelper.h">
      <Filter>Common</Filter>
    </ClInclude>
    <ClInclude Include="Chapter\Ch06\Hills.h">
      <Filter>Chapter\Ch06</Filter>
    </ClInclude>
    <ClInclude Include="Common\GeometryGenerator.h">
      <Filter>Common</Filter>
    </ClInclude>
    <ClInclude Include="Chapter\Ch06\Shapes.h">
      <Filter>Chapter\Ch06</Filter>
    </ClInclude>
  </ItemGroup>
  <ItemGroup>
    <FxCompile Include="FX\Color.fx">
      <Filter>FX</Filter>
    </FxCompile>
  </ItemGroup>
</Project>